
Microsoft Visual Studio Solution File, Format Version 12.00
# Visual Studio Version 17
VisualStudioVersion = 17.1.32228.430
MinimumVisualStudioVersion = 10.0.40219.1
Project("{8BC9CEB8-8B4A-11D0-8D11-00A0C91BC942}") = "Task4", "Task4\Task4.vcxproj", "{55FE5956-34F4-44E9-84A7-3645639D1907}"
EndProject
Global
	GlobalSection(SolutionConfigurationPlatforms) = preSolution
		Debug|x64 = Debug|x64
		Debug|x86 = Debug|x86
		Release|x64 = Release|x64
		Release|x86 = Release|x86
	EndGlobalSection
	GlobalSection(ProjectConfigurationPlatforms) = postSolution
		{55FE5956-34F4-44E9-84A7-3645639D1907}.Debug|x64.ActiveCfg = Debug|x64
		{55FE5956-34F4-44E9-84A7-3645639D1907}.Debug|x64.Build.0 = Debug|x64
		{55FE5956-34F4-44E9-84A7-3645639D1907}.Debug|x86.ActiveCfg = Debug|Win32
		{55FE5956-34F4-44E9-84A7-3645639D1907}.Debug|x86.Build.0 = Debug|Win32
		{55FE5956-34F4-44E9-84A7-3645639D1907}.Release|x64.ActiveCfg = Release|x64
		{55FE5956-34F4-44E9-84A7-3645639D1907}.Release|x64.Build.0 = Release|x64
		{55FE5956-34F4-44E9-84A7-3645639D1907}.Release|x86.ActiveCfg = Release|Win32
		{55FE5956-34F4-44E9-84A7-3645639D1907}.Release|x86.Build.0 = Release|Win32
	EndGlobalSection
	GlobalSection(SolutionProperties) = preSolution
		HideSolutionNode = FALSE
	EndGlobalSection
	GlobalSection(ExtensibilityGlobals) = postSolution
		SolutionGuid = {1B7ECE80-6C5B-4A52-B26C-8C6082E18FDF}
	EndGlobalSection
EndGlobal
